{
  "name": "parcel-transformer-jsy",
  "version": "0.2.1",
  "lockfileVersion": 1,
  "requires": true,
  "dependencies": {
    "@iarna/toml": {
      "version": "2.2.5",
      "resolved": "https://registry.npmjs.org/@iarna/toml/-/toml-2.2.5.tgz",
      "integrity": "sha512-trnsAYxU3xnS1gPHPyU961coFyLkh4gAD/0zQ5mymY4yOZ+CYvsPqUbOFSw0aDM4y0tV7tiFxL/1XfXPNC6IPg=="
    },
    "@nodelib/fs.scandir": {
      "version": "2.1.5",
      "resolved": "https://registry.npmjs.org/@nodelib/fs.scandir/-/fs.scandir-2.1.5.tgz",
      "integrity": "sha512-vq24Bq3ym5HEQm2NKCr3yXDwjc7vTsEThRDnkp2DK9p1uqLR+DHurm/NOTo0KG7HYHU7eppKZj3MyqYuMBf62g==",
      "requires": {
        "@nodelib/fs.stat": "2.0.5",
        "run-parallel": "^1.1.9"
      }
    },
    "@nodelib/fs.stat": {
      "version": "2.0.5",
      "resolved": "https://registry.npmjs.org/@nodelib/fs.stat/-/fs.stat-2.0.5.tgz",
      "integrity": "sha512-RkhPPp2zrqDAQA/2jNhnztcPAlv64XdhIp7a7454A5ovI7Bukxgt7MX7udwAu3zg1DcpPU0rz3VV1SeaqvY4+A=="
    },
    "@nodelib/fs.walk": {
      "version": "1.2.8",
      "resolved": "https://registry.npmjs.org/@nodelib/fs.walk/-/fs.walk-1.2.8.tgz",
      "integrity": "sha512-oGB+UxlgWcgQkgwo8GcEGwemoTFt3FIO9ababBmaGwXIoBKZ+GTy0pP185beGg7Llih/NSHSV2XAs1lnznocSg==",
      "requires": {
        "@nodelib/fs.scandir": "2.1.5",
        "fastq": "^1.6.0"
      }
    },
    "@parcel/codeframe": {
      "version": "2.0.0-alpha.3",
      "resolved": "https://registry.npmjs.org/@parcel/codeframe/-/codeframe-2.0.0-alpha.3.tgz",
      "integrity": "sha512-h2yGsG2HSkjxSwMHhCmFTYm+Xkle/Jk90kVAnjeJhIldo9gM/59oXCXxH7jyUQPm3SOXnUXpXgeNl1sb+0YNPA==",
      "requires": {
        "chalk": "^2.4.2",
        "emphasize": "^2.1.0"
      }
    },
    "@parcel/diagnostic": {
      "version": "2.0.0-alpha.3",
      "resolved": "https://registry.npmjs.org/@parcel/diagnostic/-/diagnostic-2.0.0-alpha.3.tgz",
      "integrity": "sha512-xK06FGUWXVmibtHo7f7Jd/7GhT6GKVealMtQ27Z5gAZvX251SzINclFqtvNqGI8mpKStXfpZBq9BtrMi8xC5zw==",
      "requires": {
        "json-source-map": "^0.6.1",
        "nullthrows": "^1.1.1"
      }
    },
    "@parcel/events": {
      "version": "2.0.0-alpha.3",
      "resolved": "https://registry.npmjs.org/@parcel/events/-/events-2.0.0-alpha.3.tgz",
      "integrity": "sha512-W1WJ/H8E0PhVjXe2nLyMLKJvOWAcQDFG3h1XKAQ8B3a1vWBM6hRlJ7YBt5g6GLomchfCeaAIReOLXQHHjEYIXQ=="
    },
    "@parcel/logger": {
      "version": "2.0.0-alpha.3",
      "resolved": "https://registry.npmjs.org/@parcel/logger/-/logger-2.0.0-alpha.3.tgz",
      "integrity": "sha512-LDGruv2uIFuD4+jlNGr1/7KifEjSLDwNNtZCSG7FV5VxOJzObNXNDAa6m6nlGoefAnQ1dZ32cySu4UOd1ho8pg==",
      "requires": {
        "@parcel/diagnostic": "^2.0.0-alpha.3",
        "@parcel/events": "^2.0.0-alpha.3"
      }
    },
    "@parcel/markdown-ansi": {
      "version": "2.0.0-alpha.3",
      "resolved": "https://registry.npmjs.org/@parcel/markdown-ansi/-/markdown-ansi-2.0.0-alpha.3.tgz",
      "integrity": "sha512-DBU52hGOxEoEbcspavt7wmy5hhazWFLpGtRfJ7gFjvxJQfcvTHLr7tfyjtLGLTbBHlT/5FBGe2Bo+FDNqfAFwg==",
      "requires": {
        "chalk": "^2.4.2"
      }
    },
    "@parcel/plugin": {
      "version": "2.0.0-alpha.3",
      "resolved": "https://registry.npmjs.org/@parcel/plugin/-/plugin-2.0.0-alpha.3.tgz",
      "integrity": "sha512-2nfjd7ujL042gP7ssJ4JRyxEirp5Fuz+Vf4sk4aky3oWVuY9YmUqce0UNUMaIlh911xERo5uagy1jYOSa7gp6g==",
      "requires": {
        "@parcel/types": "^2.0.0-alpha.3"
      }
    },
    "@parcel/source-map": {
      "version": "2.0.0-rc.7",
      "resolved": "https://registry.npmjs.org/@parcel/source-map/-/source-map-2.0.0-rc.7.tgz",
      "integrity": "sha512-LFTvZz8wSOfQAHtczr2PVMBa2gSBeWTivJf4TPQ7neHqECIgAL2GvuCGhETZqU1OYXlnzuxdsiWvDKQtrLiWgA==",
      "requires": {
        "detect-libc": "^1.0.3",
        "globby": "^11.0.3"
      }
    },
    "@parcel/types": {
      "version": "2.0.0-alpha.3",
      "resolved": "https://registry.npmjs.org/@parcel/types/-/types-2.0.0-alpha.3.tgz",
      "integrity": "sha512-n4c346lpwhEUFJ3Xv4DUAATLnAqdKkNfEqFW+bfnS8WFBl3bUlaJW4JqHYQ63enoEvMKoD5Rs9/WrhqZ71X8Dg=="
    },
    "@parcel/utils": {
      "version": "2.0.0-alpha.3",
      "resolved": "https://registry.npmjs.org/@parcel/utils/-/utils-2.0.0-alpha.3.tgz",
      "integrity": "sha512-fovscp/gO4uGNf33XD7Ui1m/bD54BGKvbvn6pF9fw25kAv5v3U45ewE56FoVd1vNAQWV1G4zvt2KHIGe+HkEgw==",
      "requires": {
        "@iarna/toml": "^2.2.0",
        "@parcel/codeframe": "^2.0.0-alpha.3",
        "@parcel/diagnostic": "^2.0.0-alpha.3",
        "@parcel/logger": "^2.0.0-alpha.3",
        "@parcel/markdown-ansi": "^2.0.0-alpha.3",
        "ansi-html": "^0.0.7",
        "clone": "^2.1.1",
        "deasync": "^0.1.14",
        "fast-glob": "^3.0.4",
        "is-glob": "^4.0.0",
        "is-url": "^1.2.2",
        "js-levenshtein": "^1.1.6",
        "json5": "^1.0.1",
        "micromatch": "^4.0.2",
        "node-forge": "^0.8.1",
        "nullthrows": "^1.1.1",
        "resolve": "^1.12.0",
        "serialize-to-js": "^1.1.1",
        "terser": "^3.7.3"
      }
    },
    "@rollup/plugin-commonjs": {
      "version": "20.0.0",
      "resolved": "https://registry.npmjs.org/@rollup/plugin-commonjs/-/plugin-commonjs-20.0.0.tgz",
      "integrity": "sha512-5K0g5W2Ol8hAcTHqcTBHiA7M58tfmYi1o9KxeJuuRNpGaTa5iLjcyemBitCBcKXaHamOBBEH2dGom6v6Unmqjg==",
      "dev": true,
      "requires": {
        "@rollup/pluginutils": "^3.1.0",
        "commondir": "^1.0.1",
        "estree-walker": "^2.0.1",
        "glob": "^7.1.6",
        "is-reference": "^1.2.1",
        "magic-string": "^0.25.7",
        "resolve": "^1.17.0"
      }
    },
    "@rollup/plugin-node-resolve": {
      "version": "13.0.4",
      "resolved": "https://registry.npmjs.org/@rollup/plugin-node-resolve/-/plugin-node-resolve-13.0.4.tgz",
      "integrity": "sha512-eYq4TFy40O8hjeDs+sIxEH/jc9lyuI2k9DM557WN6rO5OpnC2qXMBNj4IKH1oHrnAazL49C5p0tgP0/VpqJ+/w==",
      "dev": true,
      "requires": {
        "@rollup/pluginutils": "^3.1.0",
        "@types/resolve": "1.17.1",
        "builtin-modules": "^3.1.0",
        "deepmerge": "^4.2.2",
        "is-module": "^1.0.0",
        "resolve": "^1.19.0"
      }
    },
    "@rollup/pluginutils": {
      "version": "3.1.0",
      "resolved": "https://registry.npmjs.org/@rollup/pluginutils/-/pluginutils-3.1.0.tgz",
      "integrity": "sha512-GksZ6pr6TpIjHm8h9lSQ8pi8BE9VeubNT0OMJ3B5uZJ8pz73NPiqOtCog/x2/QzM1ENChPKxMDhiQuRHsqc+lg==",
      "dev": true,
      "requires": {
        "@types/estree": "0.0.39",
        "estree-walker": "^1.0.1",
        "picomatch": "^2.2.2"
      },
      "dependencies": {
        "estree-walker": {
          "version": "1.0.1",
          "resolved": "https://registry.npmjs.org/estree-walker/-/estree-walker-1.0.1.tgz",
          "integrity": "sha512-1fMXF3YP4pZZVozF8j/ZLfvnR8NSIljt56UhbZ5PeeDmmGHpgpdwQt7ITlGvYaQukCvuBRMLEiKiYC+oeIg4cg==",
          "dev": true
        }
      }
    },
    "@types/estree": {
      "version": "0.0.39",
      "resolved": "https://registry.npmjs.org/@types/estree/-/estree-0.0.39.tgz",
      "integrity": "sha512-EYNwp3bU+98cpU4lAWYYL7Zz+2gryWH1qbdDTidVd6hkiR6weksdbMadyXKXNPEkQFhXM+hVO9ZygomHXp+AIw==",
      "dev": true
    },
    "@types/node": {
      "version": "16.7.10",
      "resolved": "https://registry.npmjs.org/@types/node/-/node-16.7.10.tgz",
      "integrity": "sha512-S63Dlv4zIPb8x6MMTgDq5WWRJQe56iBEY0O3SOFA9JrRienkOVDXSXBjjJw6HTNQYSE2JI6GMCR6LVbIMHJVvA==",
      "dev": true
    },
    "@types/resolve": {
      "version": "1.17.1",
      "resolved": "https://registry.npmjs.org/@types/resolve/-/resolve-1.17.1.tgz",
      "integrity": "sha512-yy7HuzQhj0dhGpD8RLXSZWEkLsV9ibvxvi6EiJ3bkqLAO1RGo0WbkWQiwpRlSFymTJRz0d3k5LM3kkx8ArDbLw==",
      "dev": true,
      "requires": {
        "@types/node": "*"
      }
    },
    "abbrev": {
      "version": "1.1.1",
      "resolved": "https://registry.npmjs.org/abbrev/-/abbrev-1.1.1.tgz",
      "integrity": "sha512-nne9/IiQ/hzIhY6pdDnbBtz7DjPTKrY00P/zvPSm5pOFkl6xuGrGnXn/VtTNNfNtAfZ9/1RtehkszU9qcTii0Q=="
    },
    "ansi-html": {
      "version": "0.0.7",
      "resolved": "https://registry.npmjs.org/ansi-html/-/ansi-html-0.0.7.tgz",
      "integrity": "sha1-gTWEAhliqenm/QOflA0S9WynhZ4="
    },
    "ansi-styles": {
      "version": "3.2.1",
      "resolved": "https://registry.npmjs.org/ansi-styles/-/ansi-styles-3.2.1.tgz",
      "integrity": "sha512-VT0ZI6kZRdTh8YyJw3SMbYm/u+NqfsAxEpWO0Pf9sq8/e94WxxOpPKx9FR1FlyCtOVDNOQ+8ntlqFxiRc+r5qA==",
      "requires": {
        "color-convert": "^1.9.0"
      }
    },
    "array-union": {
      "version": "2.1.0",
      "resolved": "https://registry.npmjs.org/array-union/-/array-union-2.1.0.tgz",
      "integrity": "sha512-HGyxoOTYUyCM6stUe6EJgnd4EoewAI7zMdfqO+kGjnlZmBDz/cR5pf8r/cR4Wq60sL/p0IkcjUEEPwS3GFrIyw=="
    },
    "balanced-match": {
      "version": "1.0.2",
      "resolved": "https://registry.npmjs.org/balanced-match/-/balanced-match-1.0.2.tgz",
      "integrity": "sha512-3oSeUO0TMV67hN1AmbXsK4yaqU7tjiHlbxRDZOpH0KW9+CeX4bRAaX0Anxt0tx2MrpRpWwQaPwIlISEJhYU5Pw=="
    },
    "bindings": {
      "version": "1.5.0",
      "resolved": "https://registry.npmjs.org/bindings/-/bindings-1.5.0.tgz",
      "integrity": "sha512-p2q/t/mhvuOj/UeLlV6566GD/guowlr0hHxClI0W9m7MWYkL1F0hLo+0Aexs9HSPCtR1SXQ0TD3MMKrXZajbiQ==",
      "requires": {
        "file-uri-to-path": "1.0.0"
      }
    },
    "brace-expansion": {
      "version": "1.1.11",
      "resolved": "https://registry.npmjs.org/brace-expansion/-/brace-expansion-1.1.11.tgz",
      "integrity": "sha512-iCuPHDFgrHX7H2vEI/5xpz07zSHB00TpugqhmYtVmMO6518mCuRMoOYFldEBl0g187ufozdaHgWKcYFb61qGiA==",
      "requires": {
        "balanced-match": "^1.0.0",
        "concat-map": "0.0.1"
      }
    },
    "braces": {
      "version": "3.0.2",
      "resolved": "https://registry.npmjs.org/braces/-/braces-3.0.2.tgz",
      "integrity": "sha512-b8um+L1RzM3WDSzvhm6gIz1yfTbBt6YTlcEKAvsmqCZZFw46z626lVj9j1yEPW33H5H+lBQpZMP1k8l+78Ha0A==",
      "requires": {
        "fill-range": "^7.0.1"
      }
    },
    "buffer-from": {
      "version": "1.1.2",
      "resolved": "https://registry.npmjs.org/buffer-from/-/buffer-from-1.1.2.tgz",
      "integrity": "sha512-E+XQCRwSbaaiChtv6k6Dwgc+bx+Bs6vuKJHHl5kox/BaKbhiXzqQOwK4cO22yElGp2OCmjwVhT3HmxgyPGnJfQ=="
    },
    "builtin-modules": {
      "version": "3.2.0",
      "resolved": "https://registry.npmjs.org/builtin-modules/-/builtin-modules-3.2.0.tgz",
      "integrity": "sha512-lGzLKcioL90C7wMczpkY0n/oART3MbBa8R9OFGE1rJxoVI86u4WAGfEk8Wjv10eKSyTHVGkSo3bvBylCEtk7LA==",
      "dev": true
    },
    "chalk": {
      "version": "2.4.2",
      "resolved": "https://registry.npmjs.org/chalk/-/chalk-2.4.2.tgz",
      "integrity": "sha512-Mti+f9lpJNcwF4tWV8/OrTTtF1gZi+f8FqlyAdouralcFWFQWF2+NgCHShjkCb+IFBLq9buZwE1xckQU4peSuQ==",
      "requires": {
        "ansi-styles": "^3.2.1",
        "escape-string-regexp": "^1.0.5",
        "supports-color": "^5.3.0"
      }
    },
    "clone": {
      "version": "2.1.2",
      "resolved": "https://registry.npmjs.org/clone/-/clone-2.1.2.tgz",
      "integrity": "sha1-G39Ln1kfHo+DZwQBYANFoCiHQ18="
    },
    "clones": {
      "version": "1.2.0",
      "resolved": "https://registry.npmjs.org/clones/-/clones-1.2.0.tgz",
      "integrity": "sha512-FXDYw4TjR8wgPZYui2LeTqWh1BLpfQ8lB6upMtlpDF6WlOOxghmTTxWyngdKTgozqBgKnHbTVwTE+hOHqAykuQ=="
    },
    "color-convert": {
      "version": "1.9.3",
      "resolved": "https://registry.npmjs.org/color-convert/-/color-convert-1.9.3.tgz",
      "integrity": "sha512-QfAUtd+vFdAtFQcC8CCyYt1fYWxSqAiK2cSD6zDB8N3cpsEBAvRxp9zOGg6G/SHHJYAT88/az/IuDGALsNVbGg==",
      "requires": {
        "color-name": "1.1.3"
      }
    },
    "color-name": {
      "version": "1.1.3",
      "resolved": "https://registry.npmjs.org/color-name/-/color-name-1.1.3.tgz",
      "integrity": "sha1-p9BVi9icQveV3UIyj3QIMcpTvCU="
    },
    "commander": {
      "version": "2.20.3",
      "resolved": "https://registry.npmjs.org/commander/-/commander-2.20.3.tgz",
      "integrity": "sha512-GpVkmM8vF2vQUkj2LvZmD35JxeJOLCwJ9cUkugyk2nuhbv3+mJvpLYYt+0+USMxE+oj+ey/lJEnhZw75x/OMcQ=="
    },
    "commondir": {
      "version": "1.0.1",
      "resolved": "https://registry.npmjs.org/commondir/-/commondir-1.0.1.tgz",
      "integrity": "sha1-3dgA2gxmEnOTzKWVDqloo6rxJTs=",
      "dev": true
    },
    "concat-map": {
      "version": "0.0.1",
      "resolved": "https://registry.npmjs.org/concat-map/-/concat-map-0.0.1.tgz",
      "integrity": "sha1-2Klr13/Wjfd5OnMDajug1UBdR3s="
    },
    "config-chain": {
      "version": "1.1.13",
      "resolved": "https://registry.npmjs.org/config-chain/-/config-chain-1.1.13.tgz",
      "integrity": "sha512-qj+f8APARXHrM0hraqXYb2/bOVSV4PvJQlNZ/DVj0QrmNM2q2euizkeuVckQ57J+W0mRH6Hvi+k50M4Jul2VRQ==",
      "requires": {
        "ini": "^1.3.4",
        "proto-list": "~1.2.1"
      }
    },
    "deasync": {
      "version": "0.1.23",
      "resolved": "https://registry.npmjs.org/deasync/-/deasync-0.1.23.tgz",
      "integrity": "sha512-CGZSokFwidI50GOAmkz/7z3QdMzTQqAiUOzt95PuhKgi6VVztn9D03ZCzzi93uUWlp/v6A9osvNWpIvqHvKjTA==",
      "requires": {
        "bindings": "^1.5.0",
        "node-addon-api": "^1.7.1"
      }
    },
    "deepmerge": {
      "version": "4.2.2",
      "resolved": "https://registry.npmjs.org/deepmerge/-/deepmerge-4.2.2.tgz",
      "integrity": "sha512-FJ3UgI4gIl+PHZm53knsuSFpE+nESMr7M4v9QcgB7S63Kj/6WqMiFQJpBBYz1Pt+66bZpP3Q7Lye0Oo9MPKEdg==",
      "dev": true
    },
    "detect-libc": {
      "version": "1.0.3",
      "resolved": "https://registry.npmjs.org/detect-libc/-/detect-libc-1.0.3.tgz",
      "integrity": "sha1-+hN8S9aY7fVc1c0CrFWfkaTEups="
    },
    "dir-glob": {
      "version": "3.0.1",
      "resolved": "https://registry.npmjs.org/dir-glob/-/dir-glob-3.0.1.tgz",
      "integrity": "sha512-WkrWp9GR4KXfKGYzOLmTuGVi1UWFfws377n9cc55/tb6DuqyF6pcQ5AbiHEshaDpY9v6oaSr2XCDidGmMwdzIA==",
      "requires": {
        "path-type": "^4.0.0"
      }
    },
    "editorconfig": {
      "version": "0.15.3",
      "resolved": "https://registry.npmjs.org/editorconfig/-/editorconfig-0.15.3.tgz",
      "integrity": "sha512-M9wIMFx96vq0R4F+gRpY3o2exzb8hEj/n9S8unZtHSvYjibBp/iMufSzvmOcV/laG0ZtuTVGtiJggPOSW2r93g==",
      "requires": {
        "commander": "^2.19.0",
        "lru-cache": "^4.1.5",
        "semver": "^5.6.0",
        "sigmund": "^1.0.1"
      }
    },
    "emphasize": {
      "version": "2.1.0",
      "resolved": "https://registry.npmjs.org/emphasize/-/emphasize-2.1.0.tgz",
      "integrity": "sha512-wRlO0Qulw2jieQynsS3STzTabIhHCyjTjZraSkchOiT8rdvWZlahJAJ69HRxwGkv2NThmci2MSnDfJ60jB39tw==",
      "requires": {
        "chalk": "^2.4.0",
        "highlight.js": "~9.12.0",
        "lowlight": "~1.9.0"
      }
    },
    "escape-string-regexp": {
      "version": "1.0.5",
      "resolved": "https://registry.npmjs.org/escape-string-regexp/-/escape-string-regexp-1.0.5.tgz",
      "integrity": "sha1-G2HAViGQqN/2rjuyzwIAyhMLhtQ="
    },
    "estree-walker": {
      "version": "2.0.2",
      "resolved": "https://registry.npmjs.org/estree-walker/-/estree-walker-2.0.2.tgz",
      "integrity": "sha512-Rfkk/Mp/DL7JVje3u18FxFujQlTNR2q6QfMSMB7AvCBx91NGj/ba3kCfza0f6dVDbw7YlRf/nDrn7pQrCCyQ/w==",
      "dev": true
    },
    "fast-glob": {
      "version": "3.2.7",
      "resolved": "https://registry.npmjs.org/fast-glob/-/fast-glob-3.2.7.tgz",
      "integrity": "sha512-rYGMRwip6lUMvYD3BTScMwT1HtAs2d71SMv66Vrxs0IekGZEjhM0pcMfjQPnknBt2zeCwQMEupiN02ZP4DiT1Q==",
      "requires": {
        "@nodelib/fs.stat": "^2.0.2",
        "@nodelib/fs.walk": "^1.2.3",
        "glob-parent": "^5.1.2",
        "merge2": "^1.3.0",
        "micromatch": "^4.0.4"
      }
    },
    "fastq": {
      "version": "1.12.0",
      "resolved": "https://registry.npmjs.org/fastq/-/fastq-1.12.0.tgz",
      "integrity": "sha512-VNX0QkHK3RsXVKr9KrlUv/FoTa0NdbYoHHl7uXHv2rzyHSlxjdNAKug2twd9luJxpcyNeAgf5iPPMutJO67Dfg==",
      "requires": {
        "reusify": "^1.0.4"
      }
    },
    "fault": {
      "version": "1.0.4",
      "resolved": "https://registry.npmjs.org/fault/-/fault-1.0.4.tgz",
      "integrity": "sha512-CJ0HCB5tL5fYTEA7ToAq5+kTwd++Borf1/bifxd9iT70QcXr4MRrO3Llf8Ifs70q+SJcGHFtnIE/Nw6giCtECA==",
      "requires": {
        "format": "^0.2.0"
      }
    },
    "file-uri-to-path": {
      "version": "1.0.0",
      "resolved": "https://registry.npmjs.org/file-uri-to-path/-/file-uri-to-path-1.0.0.tgz",
      "integrity": "sha512-0Zt+s3L7Vf1biwWZ29aARiVYLx7iMGnEUl9x33fbB/j3jR81u/O2LbqK+Bm1CDSNDKVtJ/YjwY7TUd5SkeLQLw=="
    },
    "fill-range": {
      "version": "7.0.1",
      "resolved": "https://registry.npmjs.org/fill-range/-/fill-range-7.0.1.tgz",
      "integrity": "sha512-qOo9F+dMUmC2Lcb4BbVvnKJxTPjCm+RRpe4gDuGrzkL7mEVl/djYSu2OdQ2Pa302N4oqkSg9ir6jaLWJ2USVpQ==",
      "requires": {
        "to-regex-range": "^5.0.1"
      }
    },
    "format": {
      "version": "0.2.2",
      "resolved": "https://registry.npmjs.org/format/-/format-0.2.2.tgz",
      "integrity": "sha1-1hcBB+nv3E7TDJ3DkBbflCtctYs="
    },
    "fs.realpath": {
      "version": "1.0.0",
      "resolved": "https://registry.npmjs.org/fs.realpath/-/fs.realpath-1.0.0.tgz",
      "integrity": "sha1-FQStJSMVjKpA20onh8sBQRmU6k8="
    },
    "fsevents": {
      "version": "2.3.2",
      "resolved": "https://registry.npmjs.org/fsevents/-/fsevents-2.3.2.tgz",
      "integrity": "sha512-xiqMQR4xAeHTuB9uWm+fFRcIOgKBMiOBP+eXiyT7jsgVCq1bkVygt00oASowB7EdtpOHaaPgKt812P9ab+DDKA==",
      "dev": true,
      "optional": true
    },
    "function-bind": {
      "version": "1.1.1",
      "resolved": "https://registry.npmjs.org/function-bind/-/function-bind-1.1.1.tgz",
      "integrity": "sha512-yIovAzMX49sF8Yl58fSCWJ5svSLuaibPxXQJFLmBObTuCr0Mf1KiPopGM9NiFjiYBCbfaa2Fh6breQ6ANVTI0A=="
    },
    "glob": {
      "version": "7.1.7",
      "resolved": "https://registry.npmjs.org/glob/-/glob-7.1.7.tgz",
      "integrity": "sha512-OvD9ENzPLbegENnYP5UUfJIirTg4+XwMWGaQfQTY0JenxNvvIKP3U3/tAQSPIu/lHxXYSZmpXlUHeqAIdKzBLQ==",
      "requires": {
        "fs.realpath": "^1.0.0",
        "inflight": "^1.0.4",
        "inherits": "2",
        "minimatch": "^3.0.4",
        "once": "^1.3.0",
        "path-is-absolute": "^1.0.0"
      }
    },
    "glob-parent": {
      "version": "5.1.2",
      "resolved": "https://registry.npmjs.org/glob-parent/-/glob-parent-5.1.2.tgz",
      "integrity": "sha512-AOIgSQCepiJYwP3ARnGx+5VnTu2HBYdzbGP45eLw1vr3zB3vZLeyed1sC9hnbcOc9/SrMyM5RPQrkGz4aS9Zow==",
      "requires": {
        "is-glob": "^4.0.1"
      }
    },
    "globby": {
      "version": "11.0.4",
      "resolved": "https://registry.npmjs.org/globby/-/globby-11.0.4.tgz",
      "integrity": "sha512-9O4MVG9ioZJ08ffbcyVYyLOJLk5JQ688pJ4eMGLpdWLHq/Wr1D9BlriLQyL0E+jbkuePVZXYFj47QM/v093wHg==",
      "requires": {
        "array-union": "^2.1.0",
        "dir-glob": "^3.0.1",
        "fast-glob": "^3.1.1",
        "ignore": "^5.1.4",
        "merge2": "^1.3.0",
        "slash": "^3.0.0"
      }
    },
    "has": {
      "version": "1.0.3",
      "resolved": "https://registry.npmjs.org/has/-/has-1.0.3.tgz",
      "integrity": "sha512-f2dvO0VU6Oej7RkWJGrehjbzMAjFp5/VKPp5tTpWIV4JHHZK1/BxbFRtf/siA2SWTe09caDmVtYYzWEIbBS4zw==",
      "requires": {
        "function-bind": "^1.1.1"
      }
    },
    "has-flag": {
      "version": "3.0.0",
      "resolved": "https://registry.npmjs.org/has-flag/-/has-flag-3.0.0.tgz",
      "integrity": "sha1-tdRU3CGZriJWmfNGfloH87lVuv0="
    },
    "highlight.js": {
      "version": "9.12.0",
      "resolved": "https://registry.npmjs.org/highlight.js/-/highlight.js-9.12.0.tgz",
      "integrity": "sha1-5tnb5Xy+/mB1HwKvM2GVhwyQwB4="
    },
    "ignore": {
      "version": "5.1.8",
      "resolved": "https://registry.npmjs.org/ignore/-/ignore-5.1.8.tgz",
      "integrity": "sha512-BMpfD7PpiETpBl/A6S498BaIJ6Y/ABT93ETbby2fP00v4EbvPBXWEoaR1UBPKs3iR53pJY7EtZk5KACI57i1Uw=="
    },
    "inflight": {
      "version": "1.0.6",
      "resolved": "https://registry.npmjs.org/inflight/-/inflight-1.0.6.tgz",
      "integrity": "sha1-Sb1jMdfQLQwJvJEKEHW6gWW1bfk=",
      "requires": {
        "once": "^1.3.0",
        "wrappy": "1"
      }
    },
    "inherits": {
      "version": "2.0.4",
      "resolved": "https://registry.npmjs.org/inherits/-/inherits-2.0.4.tgz",
      "integrity": "sha512-k/vGaX4/Yla3WzyMCvTQOXYeIHvqOKtnqBduzTHpzpQZzAskKMhZ2K+EnBiSM9zGSoIFeMpXKxa4dYeZIQqewQ=="
    },
    "ini": {
      "version": "1.3.8",
      "resolved": "https://registry.npmjs.org/ini/-/ini-1.3.8.tgz",
      "integrity": "sha512-JV/yugV2uzW5iMRSiZAyDtQd+nxtUnjeLt0acNdw98kKLrvuRVyB80tsREOE7yvGVgalhZ6RNXCmEHkUKBKxew=="
    },
    "is-core-module": {
      "version": "2.6.0",
      "resolved": "https://registry.npmjs.org/is-core-module/-/is-core-module-2.6.0.tgz",
      "integrity": "sha512-wShG8vs60jKfPWpF2KZRaAtvt3a20OAn7+IJ6hLPECpSABLcKtFKTTI4ZtH5QcBruBHlq+WsdHWyz0BCZW7svQ==",
      "requires": {
        "has": "^1.0.3"
      }
    },
    "is-extglob": {
      "version": "2.1.1",
      "resolved": "https://registry.npmjs.org/is-extglob/-/is-extglob-2.1.1.tgz",
      "integrity": "sha1-qIwCU1eR8C7TfHahueqXc8gz+MI="
    },
    "is-glob": {
      "version": "4.0.1",
      "resolved": "https://registry.npmjs.org/is-glob/-/is-glob-4.0.1.tgz",
      "integrity": "sha512-5G0tKtBTFImOqDnLB2hG6Bp2qcKEFduo4tZu9MT/H6NQv/ghhy30o55ufafxJ/LdH79LLs2Kfrn85TLKyA7BUg==",
      "requires": {
        "is-extglob": "^2.1.1"
      }
    },
    "is-module": {
      "version": "1.0.0",
      "resolved": "https://registry.npmjs.org/is-module/-/is-module-1.0.0.tgz",
      "integrity": "sha1-Mlj7afeMFNW4FdZkM2tM/7ZEFZE=",
      "dev": true
    },
    "is-number": {
      "version": "7.0.0",
      "resolved": "https://registry.npmjs.org/is-number/-/is-number-7.0.0.tgz",
      "integrity": "sha512-41Cifkg6e8TylSpdtTpeLVMqvSBEVzTttHvERD741+pnZ8ANv0004MRL43QKPDlK9cGvNp6NZWZUBlbGXYxxng=="
    },
    "is-reference": {
      "version": "1.2.1",
      "resolved": "https://registry.npmjs.org/is-reference/-/is-reference-1.2.1.tgz",
      "integrity": "sha512-U82MsXXiFIrjCK4otLT+o2NA2Cd2g5MLoOVXUZjIOhLurrRxpEXzI8O0KZHr3IjLvlAH1kTPYSuqer5T9ZVBKQ==",
      "dev": true,
      "requires": {
        "@types/estree": "*"
      }
    },
    "is-url": {
      "version": "1.2.4",
      "resolved": "https://registry.npmjs.org/is-url/-/is-url-1.2.4.tgz",
      "integrity": "sha512-ITvGim8FhRiYe4IQ5uHSkj7pVaPDrCTkNd3yq3cV7iZAcJdHTUMPMEHcqSOy9xZ9qFenQCvi+2wjH9a1nXqHww=="
    },
    "js-beautify": {
      "version": "1.14.0",
      "resolved": "https://registry.npmjs.org/js-beautify/-/js-beautify-1.14.0.tgz",
      "integrity": "sha512-yuck9KirNSCAwyNJbqW+BxJqJ0NLJ4PwBUzQQACl5O3qHMBXVkXb/rD0ilh/Lat/tn88zSZ+CAHOlk0DsY7GuQ==",
      "requires": {
        "config-chain": "^1.1.12",
        "editorconfig": "^0.15.3",
        "glob": "^7.1.3",
        "nopt": "^5.0.0"
      }
    },
    "js-levenshtein": {
      "version": "1.1.6",
      "resolved": "https://registry.npmjs.org/js-levenshtein/-/js-levenshtein-1.1.6.tgz",
      "integrity": "sha512-X2BB11YZtrRqY4EnQcLX5Rh373zbK4alC1FW7D7MBhL2gtcC17cTnr6DmfHZeS0s2rTHjUTMMHfG7gO8SSdw+g=="
    },
    "json-source-map": {
      "version": "0.6.1",
      "resolved": "https://registry.npmjs.org/json-source-map/-/json-source-map-0.6.1.tgz",
      "integrity": "sha512-1QoztHPsMQqhDq0hlXY5ZqcEdUzxQEIxgFkKl4WUp2pgShObl+9ovi4kRh2TfvAfxAoHOJ9vIMEqk3k4iex7tg=="
    },
    "json5": {
      "version": "1.0.1",
      "resolved": "https://registry.npmjs.org/json5/-/json5-1.0.1.tgz",
      "integrity": "sha512-aKS4WQjPenRxiQsC93MNfjx+nbF4PAdYzmd/1JIj8HYzqfbu86beTuNgXDzPknWk0n0uARlyewZo4s++ES36Ow==",
      "requires": {
        "minimist": "^1.2.0"
      }
    },
    "jsy-transpile": {
      "version": "0.9.5",
      "resolved": "https://registry.npmjs.org/jsy-transpile/-/jsy-transpile-0.9.5.tgz",
      "integrity": "sha512-dI02PNrBVYWVhbOt+SSkK1kXxnMEJkaMfJf1LwPuoORVnibqEttJnbkp7RxHvUp957f2nZUAqboWNGr94Q+bFw==",
      "dev": true
    },
    "lowlight": {
      "version": "1.9.2",
      "resolved": "https://registry.npmjs.org/lowlight/-/lowlight-1.9.2.tgz",
      "integrity": "sha512-Ek18ElVCf/wF/jEm1b92gTnigh94CtBNWiZ2ad+vTgW7cTmQxUY3I98BjHK68gZAJEWmybGBZgx9qv3QxLQB/Q==",
      "requires": {
        "fault": "^1.0.2",
        "highlight.js": "~9.12.0"
      }
    },
    "lru-cache": {
      "version": "4.1.5",
      "resolved": "https://registry.npmjs.org/lru-cache/-/lru-cache-4.1.5.tgz",
      "integrity": "sha512-sWZlbEP2OsHNkXrMl5GYk/jKk70MBng6UU4YI/qGDYbgf6YbP4EvmqISbXCoJiRKs+1bSpFHVgQxvJ17F2li5g==",
      "requires": {
        "pseudomap": "^1.0.2",
        "yallist": "^2.1.2"
      }
    },
    "magic-string": {
      "version": "0.25.7",
      "resolved": "https://registry.npmjs.org/magic-string/-/magic-string-0.25.7.tgz",
      "integrity": "sha512-4CrMT5DOHTDk4HYDlzmwu4FVCcIYI8gauveasrdCu2IKIFOJ3f0v/8MDGJCDL9oD2ppz/Av1b0Nj345H9M+XIA==",
      "dev": true,
      "requires": {
        "sourcemap-codec": "^1.4.4"
      }
    },
    "merge2": {
      "version": "1.4.1",
      "resolved": "https://registry.npmjs.org/merge2/-/merge2-1.4.1.tgz",
      "integrity": "sha512-8q7VEgMJW4J8tcfVPy8g09NcQwZdbwFEqhe/WZkoIzjn/3TGDwtOCYtXGxA3O8tPzpczCCDgv+P2P5y00ZJOOg=="
    },
    "micromatch": {
      "version": "4.0.4",
      "resolved": "https://registry.npmjs.org/micromatch/-/micromatch-4.0.4.tgz",
      "integrity": "sha512-pRmzw/XUcwXGpD9aI9q/0XOwLNygjETJ8y0ao0wdqprrzDa4YnxLcz7fQRZr8voh8V10kGhABbNcHVk5wHgWwg==",
      "requires": {
        "braces": "^3.0.1",
        "picomatch": "^2.2.3"
      }
    },
    "minimatch": {
      "version": "3.0.4",
      "resolved": "https://registry.npmjs.org/minimatch/-/minimatch-3.0.4.tgz",
      "integrity": "sha512-yJHVQEhyqPLUTgt9B83PXu6W3rx4MvvHvSUvToogpwoGDOUQ+yDrR0HRot+yOCdCO7u4hX3pWft6kWBBcqh0UA==",
      "requires": {
        "brace-expansion": "^1.1.7"
      }
    },
    "minimist": {
      "version": "1.2.5",
      "resolved": "https://registry.npmjs.org/minimist/-/minimist-1.2.5.tgz",
      "integrity": "sha512-FM9nNUYrRBAELZQT3xeZQ7fmMOBg6nWNmJKTcgsJeaLstP/UODVpGsr5OhXhhXg6f+qtJ8uiZ+PUxkDWcgIXLw=="
    },
    "node-addon-api": {
      "version": "1.7.2",
      "resolved": "https://registry.npmjs.org/node-addon-api/-/node-addon-api-1.7.2.tgz",
      "integrity": "sha512-ibPK3iA+vaY1eEjESkQkM0BbCqFOaZMiXRTtdB0u7b4djtY6JnsjvPdUHVMg6xQt3B8fpTTWHI9A+ADjM9frzg=="
    },
    "node-forge": {
      "version": "0.8.5",
      "resolved": "https://registry.npmjs.org/node-forge/-/node-forge-0.8.5.tgz",
      "integrity": "sha512-vFMQIWt+J/7FLNyKouZ9TazT74PRV3wgv9UT4cRjC8BffxFbKXkgIWR42URCPSnHm/QDz6BOlb2Q0U4+VQT67Q=="
    },
    "nopt": {
      "version": "5.0.0",
      "resolved": "https://registry.npmjs.org/nopt/-/nopt-5.0.0.tgz",
      "integrity": "sha512-Tbj67rffqceeLpcRXrT7vKAN8CwfPeIBgM7E6iBkmKLV7bEMwpGgYLGv0jACUsECaa/vuxP0IjEont6umdMgtQ==",
      "requires": {
        "abbrev": "1"
      }
    },
    "nullthrows": {
      "version": "1.1.1",
      "resolved": "https://registry.npmjs.org/nullthrows/-/nullthrows-1.1.1.tgz",
      "integrity": "sha512-2vPPEi+Z7WqML2jZYddDIfy5Dqb0r2fze2zTxNNknZaFpVHU3mFB3R+DWeJWGVx0ecvttSGlJTI+WG+8Z4cDWw=="
    },
    "once": {
      "version": "1.4.0",
      "resolved": "https://registry.npmjs.org/once/-/once-1.4.0.tgz",
      "integrity": "sha1-WDsap3WWHUsROsF9nFC6753Xa9E=",
      "requires": {
        "wrappy": "1"
      }
    },
    "path-is-absolute": {
      "version": "1.0.1",
      "resolved": "https://registry.npmjs.org/path-is-absolute/-/path-is-absolute-1.0.1.tgz",
      "integrity": "sha1-F0uSaHNVNP+8es5r9TpanhtcX18="
    },
    "path-parse": {
      "version": "1.0.7",
      "resolved": "https://registry.npmjs.org/path-parse/-/path-parse-1.0.7.tgz",
      "integrity": "sha512-LDJzPVEEEPR+y48z93A0Ed0yXb8pAByGWo/k5YYdYgpY2/2EsOsksJrq7lOHxryrVOn1ejG6oAp8ahvOIQD8sw=="
    },
    "path-type": {
      "version": "4.0.0",
      "resolved": "https://registry.npmjs.org/path-type/-/path-type-4.0.0.tgz",
      "integrity": "sha512-gDKb8aZMDeD/tZWs9P6+q0J9Mwkdl6xMV8TjnGP3qJVJ06bdMgkbBlLU8IdfOsIsFz2BW1rNVT3XuNEl8zPAvw=="
    },
    "picomatch": {
      "version": "2.3.0",
      "resolved": "https://registry.npmjs.org/picomatch/-/picomatch-2.3.0.tgz",
      "integrity": "sha512-lY1Q/PiJGC2zOv/z391WOTD+Z02bCgsFfvxoXXf6h7kv9o+WmsmzYqrAwY63sNgOxE4xEdq0WyUnXfKeBrSvYw=="
    },
    "proto-list": {
      "version": "1.2.4",
      "resolved": "https://registry.npmjs.org/proto-list/-/proto-list-1.2.4.tgz",
      "integrity": "sha1-IS1b/hMYMGpCD2QCuOJv85ZHqEk="
    },
    "pseudomap": {
      "version": "1.0.2",
      "resolved": "https://registry.npmjs.org/pseudomap/-/pseudomap-1.0.2.tgz",
      "integrity": "sha1-8FKijacOYYkX7wqKw0wa5aaChrM="
    },
    "queue-microtask": {
      "version": "1.2.3",
      "resolved": "https://registry.npmjs.org/queue-microtask/-/queue-microtask-1.2.3.tgz",
      "integrity": "sha512-NuaNSa6flKT5JaSYQzJok04JzTL1CA6aGhv5rfLW3PgqA+M2ChpZQnAC8h8i4ZFkBS8X5RqkDBHA7r4hej3K9A=="
    },
    "resolve": {
      "version": "1.20.0",
      "resolved": "https://registry.npmjs.org/resolve/-/resolve-1.20.0.tgz",
      "integrity": "sha512-wENBPt4ySzg4ybFQW2TT1zMQucPK95HSh/nq2CFTZVOGut2+pQvSsgtda4d26YrYcr067wjbmzOG8byDPBX63A==",
      "requires": {
        "is-core-module": "^2.2.0",
        "path-parse": "^1.0.6"
      }
    },
    "reusify": {
      "version": "1.0.4",
      "resolved": "https://registry.npmjs.org/reusify/-/reusify-1.0.4.tgz",
      "integrity": "sha512-U9nH88a3fc/ekCF1l0/UP1IosiuIjyTh7hBvXVMHYgVcfGvt897Xguj2UOLDeI5BG2m7/uwyaLVT6fbtCwTyzw=="
    },
    "rollup": {
      "version": "2.56.3",
      "resolved": "https://registry.npmjs.org/rollup/-/rollup-2.56.3.tgz",
      "integrity": "sha512-Au92NuznFklgQCUcV96iXlxUbHuB1vQMaH76DHl5M11TotjOHwqk9CwcrT78+Tnv4FN9uTBxq6p4EJoYkpyekg==",
      "dev": true,
      "requires": {
        "fsevents": "~2.3.2"
      }
    },
    "run-parallel": {
      "version": "1.2.0",
      "resolved": "https://registry.npmjs.org/run-parallel/-/run-parallel-1.2.0.tgz",
      "integrity": "sha512-5l4VyZR86LZ/lDxZTR6jqL8AFE2S0IFLMP26AbjsLVADxHdhB/c0GUsH+y39UfCi3dzz8OlQuPmnaJOMoDHQBA==",
      "requires": {
        "queue-microtask": "^1.2.2"
      }
    },
    "safer-eval": {
      "version": "1.3.6",
      "resolved": "https://registry.npmjs.org/safer-eval/-/safer-eval-1.3.6.tgz",
      "integrity": "sha512-DN9tBsZgtUOHODzSfO1nGCLhZtxc7Qq/d8/2SNxQZ9muYXZspSh1fO7HOsrf4lcelBNviAJLCxB/ggmG+jV1aw==",
      "requires": {
        "clones": "^1.2.0"
      }
    },
    "semver": {
      "version": "5.7.1",
      "resolved": "https://registry.npmjs.org/semver/-/semver-5.7.1.tgz",
      "integrity": "sha512-sauaDf/PZdVgrLTNYHRtpXa1iRiKcaebiKQ1BJdpQlWH2lCvexQdX55snPFyK7QzpudqbCI0qXFfOasHdyNDGQ=="
    },
    "serialize-to-js": {
      "version": "1.2.2",
      "resolved": "https://registry.npmjs.org/serialize-to-js/-/serialize-to-js-1.2.2.tgz",
      "integrity": "sha512-mUc8vA5iJghe+O+3s0YDGFLMJcqitVFk787YKiv8a4sf6RX5W0u81b+gcHrp15O0fFa010dRBVZvwcKXOWsL9Q==",
      "requires": {
        "js-beautify": "^1.8.9",
        "safer-eval": "^1.3.0"
      }
    },
    "sigmund": {
      "version": "1.0.1",
      "resolved": "https://registry.npmjs.org/sigmund/-/sigmund-1.0.1.tgz",
      "integrity": "sha1-P/IfGYytIXX587eBhT/ZTQ0ZtZA="
    },
    "slash": {
      "version": "3.0.0",
      "resolved": "https://registry.npmjs.org/slash/-/slash-3.0.0.tgz",
      "integrity": "sha512-g9Q1haeby36OSStwb4ntCGGGaKsaVSjQ68fBxoQcutl5fS1vuY18H3wSt3jFyFtrkx+Kz0V1G85A4MyAdDMi2Q=="
    },
    "source-map": {
      "version": "0.6.1",
      "resolved": "https://registry.npmjs.org/source-map/-/source-map-0.6.1.tgz",
      "integrity": "sha512-UjgapumWlbMhkBgzT7Ykc5YXUT46F0iKu8SGXq0bcwP5dz/h0Plj6enJqjz1Zbq2l5WaqYnrVbwWOWMyF3F47g=="
    },
    "source-map-support": {
      "version": "0.5.19",
      "resolved": "https://registry.npmjs.org/source-map-support/-/source-map-support-0.5.19.tgz",
      "integrity": "sha512-Wonm7zOCIJzBGQdB+thsPar0kYuCIzYvxZwlBa87yi/Mdjv7Tip2cyVbLj5o0cFPN4EVkuTwb3GDDyUx2DGnGw==",
      "requires": {
        "buffer-from": "^1.0.0",
        "source-map": "^0.6.0"
      }
    },
    "sourcemap-codec": {
      "version": "1.4.8",
      "resolved": "https://registry.npmjs.org/sourcemap-codec/-/sourcemap-codec-1.4.8.tgz",
      "integrity": "sha512-9NykojV5Uih4lgo5So5dtw+f0JgJX30KCNI8gwhz2J9A15wD0Ml6tjHKwf6fTSa6fAdVBdZeNOs9eJ71qCk8vA==",
      "dev": true
    },
    "supports-color": {
      "version": "5.5.0",
      "resolved": "https://registry.npmjs.org/supports-color/-/supports-color-5.5.0.tgz",
      "integrity": "sha512-QjVjwdXIt408MIiAqCX4oUKsgU2EqAGzs2Ppkm4aQYbjm+ZEWEcW4SfFNTr4uMNZma0ey4f5lgLrkB0aX0QMow==",
      "requires": {
        "has-flag": "^3.0.0"
      }
    },
    "terser": {
      "version": "3.17.0",
      "resolved": "https://registry.npmjs.org/terser/-/terser-3.17.0.tgz",
      "integrity": "sha512-/FQzzPJmCpjAH9Xvk2paiWrFq+5M6aVOf+2KRbwhByISDX/EujxsK+BAvrhb6H+2rtrLCHK9N01wO014vrIwVQ==",
      "requires": {
        "commander": "^2.19.0",
        "source-map": "~0.6.1",
        "source-map-support": "~0.5.10"
      }
    },
    "tiny-source-map": {
      "version": "0.8.0",
      "resolved": "https://registry.npmjs.org/tiny-source-map/-/tiny-source-map-0.8.0.tgz",
      "integrity": "sha512-0+cR142a5p96U7RUV6w4f4Cl3RCOqCq5snZAt31hMdY3q4+hOezXyu802KzSh0OYjqvoCwDi7jHlQBN9ImGgQQ==",
      "dev": true
    },
    "to-regex-range": {
      "version": "5.0.1",
      "resolved": "https://registry.npmjs.org/to-regex-range/-/to-regex-range-5.0.1.tgz",
      "integrity": "sha512-65P7iz6X5yEr1cwcgvQxbbIw7Uk3gOy5dIdtZ4rDveLqhrdJP+Li/Hx6tyK0NEb+2GCyneCMJiGqrADCSNk8sQ==",
      "requires": {
        "is-number": "^7.0.0"
      }
    },
    "wrappy": {
      "version": "1.0.2",
      "resolved": "https://registry.npmjs.org/wrappy/-/wrappy-1.0.2.tgz",
      "integrity": "sha1-tSQ9jz7BqjXxNkYFvA0QNuMKtp8="
    },
    "yallist": {
      "version": "2.1.2",
      "resolved": "https://registry.npmjs.org/yallist/-/yallist-2.1.2.tgz",
      "integrity": "sha1-HBH5IY8HYImkfdUS+TxmmaaoHVI="
    }
  }
}
